
Microsoft Visual Studio Solution File, Format Version 12.00
# Visual Studio Version 16
VisualStudioVersion = 16.0.28803.452
MinimumVisualStudioVersion = 10.0.40219.1
Project("{FAE04EC0-301F-11D3-BF4B-00C04F79EFBC}") = "PosApp", "PosApp\PosApp.csproj", "{644D7548-AA9C-47CE-94CD-F9BD63D42532}"
EndProject
Global
	GlobalSection(SolutionConfigurationPlatforms) = preSolution
		Debug|Any CPU = Debug|Any CPU
		Release|Any CPU = Release|Any CPU
	EndGlobalSection
	GlobalSection(ProjectConfigurationPlatforms) = postSolution
		{644D7548-AA9C-47CE-94CD-F9BD63D42532}.Debug|Any CPU.ActiveCfg = Debug|Any CPU
		{644D7548-AA9C-47CE-94CD-F9BD63D42532}.Debug|Any CPU.Build.0 = Debug|Any CPU
		{644D7548-AA9C-47CE-94CD-F9BD63D42532}.Release|Any CPU.ActiveCfg = Release|Any CPU
		{644D7548-AA9C-47CE-94CD-F9BD63D42532}.Release|Any CPU.Build.0 = Release|Any CPU
	EndGlobalSection
	GlobalSection(SolutionProperties) = preSolution
		HideSolutionNode = FALSE
	EndGlobalSection
	GlobalSection(ExtensibilityGlobals) = postSolution
		SolutionGuid = {E2B20A3C-344A-49C7-A4AC-B903110CF705}
	EndGlobalSection
EndGlobal
